{
  "nodes": {
    "darwin": {
      "inputs": {
        "nixpkgs": "nixpkgs"
      },
      "locked": {
        "lastModified": 1758102940,
        "narHash": "sha256-wwqf3+A8EiqwWpcAaPN20QXJLlpGPpwtLTrzgnngI2o=",
        "owner": "lnl7",
        "repo": "nix-darwin",
        "rev": "ebd0bfc11fc2b5cff37401e9b3703881ad5fabbd",
        "type": "github"
      },
      "original": {
        "owner": "lnl7",
        "ref": "master",
        "repo": "nix-darwin",
        "type": "github"
      }
    },
    "home-manager": {
      "inputs": {
        "nixpkgs": [
          "nixpkgs"
        ]
      },
      "locked": {
        "lastModified": 1757385184,
        "narHash": "sha256-LCxtQn9ajvOgGRbQIRUJgfP7clMGGvV1SDW1HcSb0zk=",
        "owner": "nix-community",
        "repo": "home-manager",
        "rev": "26993d87fd0d3b14f7667b74ad82235f120d986e",
        "type": "github"
      },
      "original": {
        "owner": "nix-community",
        "repo": "home-manager",
        "type": "github"
      }
    },
    "home-manager-darwin": {
      "inputs": {
        "nixpkgs": [
          "darwin"
        ]
      },
      "locked": {
        "lastModified": 1758296614,
        "narHash": "sha256-l60D1i0aaSqemy9dL7wP0ePMfcv/oZbeKpvUMY+q0kQ=",
        "owner": "nix-community",
        "repo": "home-manager",
        "rev": "55b1f5b7b191572257545413b98e37abab2fdb00",
        "type": "github"
      },
      "original": {
        "owner": "nix-community",
        "repo": "home-manager",
        "type": "github"
      }
    },
    "nixpkgs": {
      "locked": {
        "lastModified": 1747728033,
        "narHash": "sha256-NnXFQu7g4LnvPIPfJmBuZF7LFy/fey2g2+LCzjQhTUk=",
        "owner": "NixOS",
        "repo": "nixpkgs",
        "rev": "2f9173bde1d3fbf1ad26ff6d52f952f9e9da52ea",
        "type": "github"
      },
      "original": {
        "owner": "NixOS",
        "ref": "nixpkgs-unstable",
        "repo": "nixpkgs",
        "type": "github"
      }
    },
    "nixpkgs_2": {
      "locked": {
        "lastModified": 1757068644,
        "narHash": "sha256-NOrUtIhTkIIumj1E/Rsv1J37Yi3xGStISEo8tZm3KW4=",
        "owner": "nixos",
        "repo": "nixpkgs",
        "rev": "8eb28adfa3dc4de28e792e3bf49fcf9007ca8ac9",
        "type": "github"
      },
      "original": {
        "owner": "nixos",
        "ref": "nixos-unstable",
        "repo": "nixpkgs",
        "type": "github"
      }
    },
    "root": {
      "inputs": {
        "darwin": "darwin",
        "home-manager": "home-manager",
        "home-manager-darwin": "home-manager-darwin",
        "nixpkgs": "nixpkgs_2"
      }
    }
  },
  "root": "root",
  "version": 7
}
